github.com/cartmanis/go_get_struct v0.0.0-20190406063959-9d3b9e65a942 h1:grOyim1qkiVtfr0OJ4lwqV+WQA3yNCJVdp877fRnpT0=
github.com/cartmanis/go_get_struct v0.0.0-20190406063959-9d3b9e65a942/go.mod h1:SgBC4xVzV6WJQb3Qi1Nw89d6Z3xN2/C4s4U17J1EmZ0=
github.com/wwsheng009/go_get_struct v0.0.0-20190406063959-9d3b9e65a942 h1:PcUAbt0WpU60oT5DE3Ykh2ZZsvYTKkD011sbJ5YV3fU=
github.com/wwsheng009/go_get_struct v0.0.0-20190406063959-9d3b9e65a942/go.mod h1:mz33pzdsJGKAg6nfMmPgIIa1PL5Q8bdnIlxwSnCBTJ8=
